github.com/williamszk/a_lib_in_go v1.0.0 h1:C0rvuXnxLj6TLIQci5cmu80tjt5IMHnamddudcMfTm8=
github.com/williamszk/a_lib_in_go v1.0.0/go.mod h1:AT6pzSoQ+XfMJ/nY8jURITfNMx3Z5g6IuVo7K7A6ZoQ=
github.com/williamszk/a_lib_in_go v1.0.1 h1:YwTk/QWlTFLaPyNjHzsuiTd48fiuDp7p0vudwLg07h0=
github.com/williamszk/a_lib_in_go v1.0.1/go.mod h1:AT6pzSoQ+XfMJ/nY8jURITfNMx3Z5g6IuVo7K7A6ZoQ=
github.com/williamszk/a_lib_in_go v1.0.2 h1:nHs5MenF6PxPMOFwYekDWqMAbj4Xv01RHSH6TjFPf1A=
github.com/williamszk/a_lib_in_go v1.0.2/go.mod h1:AT6pzSoQ+XfMJ/nY8jURITfNMx3Z5g6IuVo7K7A6ZoQ=
