github.com/eknkc/basex v1.0.0/go.mod h1:k/F/exNEHFdbs3ZHuasoP2E7zeWwZblG84Y7Z59vQRo=
github.com/eknkc/basex v1.0.1 h1:TcyAkqh4oJXgV3WYyL4KEfCMk9W8oJCpmx1bo+jVgKY=
github.com/eknkc/basex v1.0.1/go.mod h1:k/F/exNEHFdbs3ZHuasoP2E7zeWwZblG84Y7Z59vQRo=
github.com/hako/branca v0.0.0-20200807062402-6052ac720505 h1:+sMksliTexVa8g56h4RkilJghUmsW5FujoD1AWb3Ak4=
github.com/hako/branca v0.0.0-20200807062402-6052ac720505/go.mod h1:rg2Mhi85BDi/JlegTSj3hgLPNJ0iNvWgDrnM306nbWQ=
github.com/jackc/pgx v3.6.2+incompatible h1:2zP5OD7kiyR3xzRYMhOcXVvkDZsImVXfj+yIyTQf3/o=
github.com/jackc/pgx v3.6.2+incompatible/go.mod h1:0ZGrqGqkRlliWnWB4zKnWtjbSWbGkVEFm4TeybAXq+I=
github.com/pkg/errors v0.9.1 h1:FEBLx1zS214owpjy7qsBeixbURkuhQAwrK5UwLGTwt4=
github.com/pkg/errors v0.9.1/go.mod h1:bwawxfHBFNV+L2hUp1rHADufV3IMtnDRdf1r5NINEl0=
golang.org/x/crypto v0.0.0-20190308221718-c2843e01d9a2/go.mod h1:djNgcEr1/C05ACkg1iLfiJU5Ep61QUkGW8qpdssI0+w=
golang.org/x/crypto v0.0.0-20191219195013-becbf705a915/go.mod h1:LzIPMQfyMNhhGPhUkYOs5KpL4U8rLKemX1yGLhDgUto=
golang.org/x/crypto v0.0.0-20220622213112-05595931fe9d h1:sK3txAijHtOK88l68nt020reeT1ZdKLIYetKl95FzVY=
golang.org/x/crypto v0.0.0-20220622213112-05595931fe9d/go.mod h1:IxCIyHEi3zRg3s0A5j5BB6A9Jmi73HwBIUl50j+osU4=
golang.org/x/net v0.0.0-20190404232315-eb5bcb51f2a3/go.mod h1:t9HGtf8HONx5eT2rtn7q6eTqICYqUVnKs3thJo3Qplg=
golang.org/x/sys v0.0.0-20190215142949-d0b11bdaac8a/go.mod h1:STP8DvDyc/dI5b8T5hshtkjS+E42TnysNCUPdjciGhY=
golang.org/x/sys v0.0.0-20190412213103-97732733099d/go.mod h1:h1NjWce9XRLGQEsW7wpKNCjG9DtNlClVuFLEZdDNbEs=
golang.org/x/sys v0.0.0-20220715151400-c0bba94af5f8 h1:0A+M6Uqn+Eje4kHMK80dtF3JCXC4ykBgQG4Fe06QRhQ=
golang.org/x/sys v0.0.0-20220715151400-c0bba94af5f8/go.mod h1:oPkhp1MJrh7nUepCBck5+mAzfO9JrbApNNgaTdGDITg=
golang.org/x/text v0.3.0/go.mod h1:NqM8EUOU14njkJ3fqMW+pc6Ldnwhi/IjpwHt7yyuwOQ=
golang.org/x/text v0.3.7 h1:olpwvP2KacW1ZWvsR7uQhoyTYvKAupfQrRGBFM352Gk=
golang.org/x/text v0.3.7/go.mod h1:u+2+/6zg+i71rQMx5EYifcz6MCKuco9NR6JIITiCfzQ=
